[[package]]
name = "csv_manip"
version = "0.1.0"
dependencies = [
 "fut 0.1.0 (git+https://github.com/selfup/fut)",
]

[[package]]
name = "fut"
version = "0.1.0"
source = "git+https://github.com/selfup/fut#5e2ebfa2d589d883a91b55895fde64416b7794f6"

[metadata]
"checksum fut 0.1.0 (git+https://github.com/selfup/fut)" = "<none>"
